
Microsoft Visual Studio Solution File, Format Version 12.00
Project("{2150E333-8FDC-42A3-9474-1A3956D46DE8}") = "src", "src", "{F0B9FA76-01E4-4D32-B2CA-7AB0AF0B24BE}"
EndProject
Project("{2150E333-8FDC-42A3-9474-1A3956D46DE8}") = "tests", "tests", "{496DDC12-019B-4030-84C9-00D6C8D94227}"
EndProject
Project("{2150E333-8FDC-42A3-9474-1A3956D46DE8}") = "Core", "Core", "{65627219-7124-435B-9C81-07C3341F6309}"
EndProject
Project("{2150E333-8FDC-42A3-9474-1A3956D46DE8}") = "Application", "Application", "{942165D8-2FE1-4109-9193-7EDB655ED909}"
EndProject
Project("{2150E333-8FDC-42A3-9474-1A3956D46DE8}") = "Presentation", "Presentation", "{612B2D46-3E8F-49D1-8F92-5141F472BAF8}"
EndProject
Project("{FAE04EC0-301F-11D3-BF4B-00C04F79EFBC}") = "TreewInc.Core.Domain", "src\Core\TreewInc.Core.Domain\TreewInc.Core.Domain.csproj", "{FB051A6A-51DC-453C-AAFD-D2B123D6DBF1}"
EndProject
Project("{FAE04EC0-301F-11D3-BF4B-00C04F79EFBC}") = "TreewInc.Core.Persistence", "src\Core\TreewInc.Core.Persistence\TreewInc.Core.Persistence.csproj", "{89CE9FBE-75BC-4310-B5CF-4A042A82FAAD}"
EndProject
Project("{FAE04EC0-301F-11D3-BF4B-00C04F79EFBC}") = "TreewInc.Core.Infrastructure", "src\Core\TreewInc.Core.Infrastructure\TreewInc.Core.Infrastructure.csproj", "{53646443-C63F-48C2-AE7F-AA7FBEE0033E}"
EndProject
Project("{FAE04EC0-301F-11D3-BF4B-00C04F79EFBC}") = "TreewInc.Application", "src\Application\TreewInc.Application\TreewInc.Application.csproj", "{96EC97B2-35CF-486F-9CCB-69AD689E23C3}"
EndProject
Project("{2150E333-8FDC-42A3-9474-1A3956D46DE8}") = "Solution Items", "Solution Items", "{65626637-9CF3-4F91-8713-BB00D7D5EC89}"
	ProjectSection(SolutionItems) = preProject
		docker-compose.yml = docker-compose.yml
	EndProjectSection
EndProject
Project("{FAE04EC0-301F-11D3-BF4B-00C04F79EFBC}") = "TreewInc.Presentation.WebApi", "src\Presentation\TreewInc.Presentation.WebApi\TreewInc.Presentation.WebApi.csproj", "{EB7BD774-ED78-4E0F-90DD-32C06A9E8B82}"
EndProject
Global
	GlobalSection(SolutionConfigurationPlatforms) = preSolution
		Debug|Any CPU = Debug|Any CPU
		Release|Any CPU = Release|Any CPU
	EndGlobalSection
	GlobalSection(NestedProjects) = preSolution
		{65627219-7124-435B-9C81-07C3341F6309} = {F0B9FA76-01E4-4D32-B2CA-7AB0AF0B24BE}
		{942165D8-2FE1-4109-9193-7EDB655ED909} = {F0B9FA76-01E4-4D32-B2CA-7AB0AF0B24BE}
		{612B2D46-3E8F-49D1-8F92-5141F472BAF8} = {F0B9FA76-01E4-4D32-B2CA-7AB0AF0B24BE}
		{FB051A6A-51DC-453C-AAFD-D2B123D6DBF1} = {65627219-7124-435B-9C81-07C3341F6309}
		{89CE9FBE-75BC-4310-B5CF-4A042A82FAAD} = {65627219-7124-435B-9C81-07C3341F6309}
		{53646443-C63F-48C2-AE7F-AA7FBEE0033E} = {65627219-7124-435B-9C81-07C3341F6309}
		{96EC97B2-35CF-486F-9CCB-69AD689E23C3} = {942165D8-2FE1-4109-9193-7EDB655ED909}
		{EB7BD774-ED78-4E0F-90DD-32C06A9E8B82} = {612B2D46-3E8F-49D1-8F92-5141F472BAF8}
	EndGlobalSection
	GlobalSection(ProjectConfigurationPlatforms) = postSolution
		{FB051A6A-51DC-453C-AAFD-D2B123D6DBF1}.Debug|Any CPU.ActiveCfg = Debug|Any CPU
		{FB051A6A-51DC-453C-AAFD-D2B123D6DBF1}.Debug|Any CPU.Build.0 = Debug|Any CPU
		{FB051A6A-51DC-453C-AAFD-D2B123D6DBF1}.Release|Any CPU.ActiveCfg = Release|Any CPU
		{FB051A6A-51DC-453C-AAFD-D2B123D6DBF1}.Release|Any CPU.Build.0 = Release|Any CPU
		{89CE9FBE-75BC-4310-B5CF-4A042A82FAAD}.Debug|Any CPU.ActiveCfg = Debug|Any CPU
		{89CE9FBE-75BC-4310-B5CF-4A042A82FAAD}.Debug|Any CPU.Build.0 = Debug|Any CPU
		{89CE9FBE-75BC-4310-B5CF-4A042A82FAAD}.Release|Any CPU.ActiveCfg = Release|Any CPU
		{89CE9FBE-75BC-4310-B5CF-4A042A82FAAD}.Release|Any CPU.Build.0 = Release|Any CPU
		{53646443-C63F-48C2-AE7F-AA7FBEE0033E}.Debug|Any CPU.ActiveCfg = Debug|Any CPU
		{53646443-C63F-48C2-AE7F-AA7FBEE0033E}.Debug|Any CPU.Build.0 = Debug|Any CPU
		{53646443-C63F-48C2-AE7F-AA7FBEE0033E}.Release|Any CPU.ActiveCfg = Release|Any CPU
		{53646443-C63F-48C2-AE7F-AA7FBEE0033E}.Release|Any CPU.Build.0 = Release|Any CPU
		{96EC97B2-35CF-486F-9CCB-69AD689E23C3}.Debug|Any CPU.ActiveCfg = Debug|Any CPU
		{96EC97B2-35CF-486F-9CCB-69AD689E23C3}.Debug|Any CPU.Build.0 = Debug|Any CPU
		{96EC97B2-35CF-486F-9CCB-69AD689E23C3}.Release|Any CPU.ActiveCfg = Release|Any CPU
		{96EC97B2-35CF-486F-9CCB-69AD689E23C3}.Release|Any CPU.Build.0 = Release|Any CPU
		{EB7BD774-ED78-4E0F-90DD-32C06A9E8B82}.Debug|Any CPU.ActiveCfg = Debug|Any CPU
		{EB7BD774-ED78-4E0F-90DD-32C06A9E8B82}.Debug|Any CPU.Build.0 = Debug|Any CPU
		{EB7BD774-ED78-4E0F-90DD-32C06A9E8B82}.Release|Any CPU.ActiveCfg = Release|Any CPU
		{EB7BD774-ED78-4E0F-90DD-32C06A9E8B82}.Release|Any CPU.Build.0 = Release|Any CPU
	EndGlobalSection
EndGlobal
